<?xml version="1.0" encoding="utf-8"?>
<Project ToolsVersion="4.0" xmlns="http://schemas.microsoft.com/developer/msbuild/2003">
  <ItemGroup>
    <Filter Include="Source Files">
      <UniqueIdentifier>{4FC737F1-C7A5-4376-A066-2A32D752A2FF}</UniqueIdentifier>
      <Extensions>cpp;c;cc;cxx;def;odl;idl;hpj;bat;asm;asmx</Extensions>
    </Filter>
    <Filter Include="Resource Files">
      <UniqueIdentifier>{67DA6AB6-F800-4c08-8B7A-83BB121AAD01}</UniqueIdentifier>
      <Extensions>rc;ico;cur;bmp;dlg;rc2;rct;bin;rgs;gif;jpg;jpeg;jpe;resx;tiff;tif;png;wav;mfcribbon-ms</Extensions>
    </Filter>
    <Filter Include="Source Files\mm2">
      <UniqueIdentifier>{0ffec7da-4979-40c7-a843-5590bfd6ae61}</UniqueIdentifier>
    </Filter>
    <Filter Include="Source Files\AGE">
      <UniqueIdentifier>{1a5c33ac-ee87-4964-9911-fbd43fd8cccb}</UniqueIdentifier>
    </Filter>
    <Filter Include="Lua 5.3.2 Files">
      <UniqueIdentifier>{da0eedae-3c74-4c1d-aae6-31b655a60e08}</UniqueIdentifier>
    </Filter>
    <Filter Include="LuaIntf Files">
      <UniqueIdentifier>{b0c16bd0-bdcf-4493-8c8d-9e34ef7c0253}</UniqueIdentifier>
    </Filter>
    <Filter Include="LuaIntf Files\impl">
      <UniqueIdentifier>{cfae8b57-924e-41bd-846b-e49302ff4421}</UniqueIdentifier>
    </Filter>
    <Filter Include="LuaIntf Files\src">
      <UniqueIdentifier>{0904d3f2-eaad-4117-adf8-0d83ae6bc977}</UniqueIdentifier>
    </Filter>
    <Filter Include="Source Files\handlers">
      <UniqueIdentifier>{80b5258d-e239-4ca7-9e7a-ab675b35ccf7}</UniqueIdentifier>
    </Filter>
    <Filter Include="Source Files\Discord Rich Presence">
      <UniqueIdentifier>{f5a0a057-e458-42d5-b643-cc6123a2590e}</UniqueIdentifier>
    </Filter>
  </ItemGroup>
  <ItemGroup>
    <ClInclude Include="src\lua\lapi.h">
      <Filter>Lua 5.3.2 Files</Filter>
    </ClInclude>
    <ClInclude Include="src\lua\lauxlib.h">
      <Filter>Lua 5.3.2 Files</Filter>
    </ClInclude>
    <ClInclude Include="src\lua\lcode.h">
      <Filter>Lua 5.3.2 Files</Filter>
    </ClInclude>
    <ClInclude Include="src\lua\lctype.h">
      <Filter>Lua 5.3.2 Files</Filter>
    </ClInclude>
    <ClInclude Include="src\lua\ldebug.h">
      <Filter>Lua 5.3.2 Files</Filter>
    </ClInclude>
    <ClInclude Include="src\lua\ldo.h">
      <Filter>Lua 5.3.2 Files</Filter>
    </ClInclude>
    <ClInclude Include="src\lua\lfunc.h">
      <Filter>Lua 5.3.2 Files</Filter>
    </ClInclude>
    <ClInclude Include="src\lua\lgc.h">
      <Filter>Lua 5.3.2 Files</Filter>
    </ClInclude>
    <ClInclude Include="src\lua\llex.h">
      <Filter>Lua 5.3.2 Files</Filter>
    </ClInclude>
    <ClInclude Include="src\lua\llimits.h">
      <Filter>Lua 5.3.2 Files</Filter>
    </ClInclude>
    <ClInclude Include="src\lua\lmem.h">
      <Filter>Lua 5.3.2 Files</Filter>
    </ClInclude>
    <ClInclude Include="src\lua\lobject.h">
      <Filter>Lua 5.3.2 Files</Filter>
    </ClInclude>
    <ClInclude Include="src\lua\lopcodes.h">
      <Filter>Lua 5.3.2 Files</Filter>
    </ClInclude>
    <ClInclude Include="src\lua\lparser.h">
      <Filter>Lua 5.3.2 Files</Filter>
    </ClInclude>
    <ClInclude Include="src\lua\lprefix.h">
      <Filter>Lua 5.3.2 Files</Filter>
    </ClInclude>
    <ClInclude Include="src\lua\lstate.h">
      <Filter>Lua 5.3.2 Files</Filter>
    </ClInclude>
    <ClInclude Include="src\lua\lstring.h">
      <Filter>Lua 5.3.2 Files</Filter>
    </ClInclude>
    <ClInclude Include="src\lua\ltable.h">
      <Filter>Lua 5.3.2 Files</Filter>
    </ClInclude>
    <ClInclude Include="src\lua\ltm.h">
      <Filter>Lua 5.3.2 Files</Filter>
    </ClInclude>
    <ClInclude Include="src\lua\lua.h">
      <Filter>Lua 5.3.2 Files</Filter>
    </ClInclude>
    <ClInclude Include="src\lua\lua.hpp">
      <Filter>Lua 5.3.2 Files</Filter>
    </ClInclude>
    <ClInclude Include="src\lua\luaconf.h">
      <Filter>Lua 5.3.2 Files</Filter>
    </ClInclude>
    <ClInclude Include="src\lua\lualib.h">
      <Filter>Lua 5.3.2 Files</Filter>
    </ClInclude>
    <ClInclude Include="src\lua\lundump.h">
      <Filter>Lua 5.3.2 Files</Filter>
    </ClInclude>
    <ClInclude Include="src\lua\lvm.h">
      <Filter>Lua 5.3.2 Files</Filter>
    </ClInclude>
    <ClInclude Include="src\lua\lzio.h">
      <Filter>Lua 5.3.2 Files</Filter>
    </ClInclude>
    <ClInclude Include="src\LuaIntf\LuaCompat.h">
      <Filter>LuaIntf Files</Filter>
    </ClInclude>
    <ClInclude Include="src\LuaIntf\LuaContext.h">
      <Filter>LuaIntf Files</Filter>
    </ClInclude>
    <ClInclude Include="src\LuaIntf\LuaIntf.h">
      <Filter>LuaIntf Files</Filter>
    </ClInclude>
    <ClInclude Include="src\LuaIntf\LuaRef.h">
      <Filter>LuaIntf Files</Filter>
    </ClInclude>
    <ClInclude Include="src\LuaIntf\LuaState.h">
      <Filter>LuaIntf Files</Filter>
    </ClInclude>
    <ClInclude Include="src\patch.h">
      <Filter>Source Files</Filter>
    </ClInclude>
    <ClInclude Include="src\mm2_utils.h">
      <Filter>Source Files\mm2</Filter>
    </ClInclude>
    <ClInclude Include="src\mm2_stream.h">
      <Filter>Source Files\mm2</Filter>
    </ClInclude>
    <ClInclude Include="src\mm2_lua.h">
      <Filter>Source Files\mm2</Filter>
    </ClInclude>
    <ClInclude Include="src\mm2_ai.h">
      <Filter>Source Files\mm2</Filter>
    </ClInclude>
    <ClInclude Include="src\mm2_data.h">
      <Filter>Source Files\mm2</Filter>
    </ClInclude>
    <ClInclude Include="src\mm2_input.h">
      <Filter>Source Files\mm2</Filter>
    </ClInclude>
    <ClInclude Include="src\mm2_game.h">
      <Filter>Source Files\mm2</Filter>
    </ClInclude>
    <ClInclude Include="src\mm2_vector.h">
      <Filter>Source Files\mm2</Filter>
    </ClInclude>
    <ClInclude Include="src\mm2_vehicle.h">
      <Filter>Source Files\mm2</Filter>
    </ClInclude>
    <ClInclude Include="src\mm2_city.h">
      <Filter>Source Files\mm2</Filter>
    </ClInclude>
    <ClInclude Include="src\mm2_base.h">
      <Filter>Source Files\mm2</Filter>
    </ClInclude>
    <ClInclude Include="src\mm2_common.h">
      <Filter>Source Files\mm2</Filter>
    </ClInclude>
    <ClInclude Include="src\LuaIntf\impl\LuaException.h">
      <Filter>LuaIntf Files</Filter>
    </ClInclude>
    <ClInclude Include="src\LuaIntf\impl\LuaType.h">
      <Filter>LuaIntf Files</Filter>
    </ClInclude>
    <ClInclude Include="src\LuaIntf\impl\CppArg.h">
      <Filter>LuaIntf Files\impl</Filter>
    </ClInclude>
    <ClInclude Include="src\LuaIntf\impl\CppBindClass.h">
      <Filter>LuaIntf Files\impl</Filter>
    </ClInclude>
    <ClInclude Include="src\LuaIntf\impl\CppBindModule.h">
      <Filter>LuaIntf Files\impl</Filter>
    </ClInclude>
    <ClInclude Include="src\LuaIntf\impl\CppFunction.h">
      <Filter>LuaIntf Files\impl</Filter>
    </ClInclude>
    <ClInclude Include="src\LuaIntf\impl\CppInvoke.h">
      <Filter>LuaIntf Files\impl</Filter>
    </ClInclude>
    <ClInclude Include="src\LuaIntf\impl\CppObject.h">
      <Filter>LuaIntf Files\impl</Filter>
    </ClInclude>
    <ClInclude Include="src\LuaIntf\src\CppBindClass.cpp">
      <Filter>LuaIntf Files\src</Filter>
    </ClInclude>
    <ClInclude Include="src\LuaIntf\src\CppBindModule.cpp">
      <Filter>LuaIntf Files\src</Filter>
    </ClInclude>
    <ClInclude Include="src\LuaIntf\src\CppFunction.cpp">
      <Filter>LuaIntf Files\src</Filter>
    </ClInclude>
    <ClInclude Include="src\LuaIntf\src\CppObject.cpp">
      <Filter>LuaIntf Files\src</Filter>
    </ClInclude>
    <ClInclude Include="src\LuaIntf\src\LuaCompat.cpp">
      <Filter>LuaIntf Files\src</Filter>
    </ClInclude>
    <ClInclude Include="src\LuaIntf\src\LuaRef.cpp">
      <Filter>LuaIntf Files\src</Filter>
    </ClInclude>
    <ClInclude Include="src\LuaIntf\src\LuaState.cpp">
      <Filter>LuaIntf Files\src</Filter>
    </ClInclude>
    <ClInclude Include="src\mm2_gfx.h">
      <Filter>Source Files\mm2</Filter>
    </ClInclude>
    <ClInclude Include="src\mm2_audio.h">
      <Filter>Source Files\mm2</Filter>
    </ClInclude>
    <ClInclude Include="src\mm2_rgl.h">
      <Filter>Source Files\mm2</Filter>
    </ClInclude>
    <ClInclude Include="src\mm2_creature.h">
      <Filter>Source Files\mm2</Filter>
    </ClInclude>
    <ClInclude Include="src\mm2_inst.h">
      <Filter>Source Files\mm2</Filter>
    </ClInclude>
    <ClInclude Include="src\mm2_level.h">
      <Filter>Source Files\mm2</Filter>
    </ClInclude>
    <ClInclude Include="src\mm2_phys.h">
      <Filter>Source Files\mm2</Filter>
    </ClInclude>
    <ClInclude Include="src\mm2_ui.h">
      <Filter>Source Files\mm2</Filter>
    </ClInclude>
    <ClInclude Include="src\handlers\bugfix_handlers.h">
      <Filter>Source Files\handlers</Filter>
    </ClInclude>
    <ClInclude Include="src\handlers\feature_handlers.h">
      <Filter>Source Files\handlers</Filter>
    </ClInclude>
    <ClInclude Include="src\mm2_breakable.h">
      <Filter>Source Files\mm2</Filter>
    </ClInclude>
    <ClInclude Include="src\mm2_bound.h">
      <Filter>Source Files\mm2</Filter>
    </ClInclude>
    <ClInclude Include="discord-rpc\discord-presence.h">
      <Filter>Source Files\Discord Rich Presence</Filter>
    </ClInclude>
    <ClInclude Include="discord-rpc\discord-rpc.h">
      <Filter>Source Files\Discord Rich Presence</Filter>
    </ClInclude>
    <ClInclude Include="src\mm2_network.h">
      <Filter>Source Files\mm2</Filter>
    </ClInclude>
    <ClInclude Include="src\mm2_model.h">
      <Filter>Source Files\mm2</Filter>
    </ClInclude>
    <ClInclude Include="src\console.h">
      <Filter>Source Files</Filter>
    </ClInclude>
    <ClInclude Include="src\settings.h">
      <Filter>Source Files</Filter>
    </ClInclude>
  </ItemGroup>
  <ItemGroup>
    <ClCompile Include="src\lua\lapi.c">
      <Filter>Lua 5.3.2 Files</Filter>
    </ClCompile>
    <ClCompile Include="src\lua\lauxlib.c">
      <Filter>Lua 5.3.2 Files</Filter>
    </ClCompile>
    <ClCompile Include="src\lua\lbaselib.c">
      <Filter>Lua 5.3.2 Files</Filter>
    </ClCompile>
    <ClCompile Include="src\lua\lbitlib.c">
      <Filter>Lua 5.3.2 Files</Filter>
    </ClCompile>
    <ClCompile Include="src\lua\lcode.c">
      <Filter>Lua 5.3.2 Files</Filter>
    </ClCompile>
    <ClCompile Include="src\lua\lcorolib.c">
      <Filter>Lua 5.3.2 Files</Filter>
    </ClCompile>
    <ClCompile Include="src\lua\lctype.c">
      <Filter>Lua 5.3.2 Files</Filter>
    </ClCompile>
    <ClCompile Include="src\lua\ldblib.c">
      <Filter>Lua 5.3.2 Files</Filter>
    </ClCompile>
    <ClCompile Include="src\lua\ldebug.c">
      <Filter>Lua 5.3.2 Files</Filter>
    </ClCompile>
    <ClCompile Include="src\lua\ldo.c">
      <Filter>Lua 5.3.2 Files</Filter>
    </ClCompile>
    <ClCompile Include="src\lua\ldump.c">
      <Filter>Lua 5.3.2 Files</Filter>
    </ClCompile>
    <ClCompile Include="src\lua\lfunc.c">
      <Filter>Lua 5.3.2 Files</Filter>
    </ClCompile>
    <ClCompile Include="src\lua\lgc.c">
      <Filter>Lua 5.3.2 Files</Filter>
    </ClCompile>
    <ClCompile Include="src\lua\linit.c">
      <Filter>Lua 5.3.2 Files</Filter>
    </ClCompile>
    <ClCompile Include="src\lua\liolib.c">
      <Filter>Lua 5.3.2 Files</Filter>
    </ClCompile>
    <ClCompile Include="src\lua\llex.c">
      <Filter>Lua 5.3.2 Files</Filter>
    </ClCompile>
    <ClCompile Include="src\lua\lmathlib.c">
      <Filter>Lua 5.3.2 Files</Filter>
    </ClCompile>
    <ClCompile Include="src\lua\lmem.c">
      <Filter>Lua 5.3.2 Files</Filter>
    </ClCompile>
    <ClCompile Include="src\lua\loadlib.c">
      <Filter>Lua 5.3.2 Files</Filter>
    </ClCompile>
    <ClCompile Include="src\lua\lobject.c">
      <Filter>Lua 5.3.2 Files</Filter>
    </ClCompile>
    <ClCompile Include="src\lua\lopcodes.c">
      <Filter>Lua 5.3.2 Files</Filter>
    </ClCompile>
    <ClCompile Include="src\lua\loslib.c">
      <Filter>Lua 5.3.2 Files</Filter>
    </ClCompile>
    <ClCompile Include="src\lua\lparser.c">
      <Filter>Lua 5.3.2 Files</Filter>
    </ClCompile>
    <ClCompile Include="src\lua\lstate.c">
      <Filter>Lua 5.3.2 Files</Filter>
    </ClCompile>
    <ClCompile Include="src\lua\lstring.c">
      <Filter>Lua 5.3.2 Files</Filter>
    </ClCompile>
    <ClCompile Include="src\lua\lstrlib.c">
      <Filter>Lua 5.3.2 Files</Filter>
    </ClCompile>
    <ClCompile Include="src\lua\ltable.c">
      <Filter>Lua 5.3.2 Files</Filter>
    </ClCompile>
    <ClCompile Include="src\lua\ltablib.c">
      <Filter>Lua 5.3.2 Files</Filter>
    </ClCompile>
    <ClCompile Include="src\lua\ltm.c">
      <Filter>Lua 5.3.2 Files</Filter>
    </ClCompile>
    <ClCompile Include="src\lua\lundump.c">
      <Filter>Lua 5.3.2 Files</Filter>
    </ClCompile>
    <ClCompile Include="src\lua\lutf8lib.c">
      <Filter>Lua 5.3.2 Files</Filter>
    </ClCompile>
    <ClCompile Include="src\lua\lvm.c">
      <Filter>Lua 5.3.2 Files</Filter>
    </ClCompile>
    <ClCompile Include="src\lua\lzio.c">
      <Filter>Lua 5.3.2 Files</Filter>
    </ClCompile>
    <ClCompile Include="src\patch.cpp">
      <Filter>Source Files</Filter>
    </ClCompile>
    <ClCompile Include="src\mm2_stream.cpp">
      <Filter>Source Files\mm2</Filter>
    </ClCompile>
    <ClCompile Include="src\mm2_lua.cpp">
      <Filter>Source Files\mm2</Filter>
    </ClCompile>
    <ClCompile Include="src\mm2_ai.cpp">
      <Filter>Source Files\mm2</Filter>
    </ClCompile>
    <ClCompile Include="src\mm2_data.cpp">
      <Filter>Source Files\mm2</Filter>
    </ClCompile>
    <ClCompile Include="src\mm2_input.cpp">
      <Filter>Source Files\mm2</Filter>
    </ClCompile>
    <ClCompile Include="src\mm2_game.cpp">
      <Filter>Source Files\mm2</Filter>
    </ClCompile>
    <ClCompile Include="src\mm2_vehicle.cpp">
      <Filter>Source Files\mm2</Filter>
    </ClCompile>
    <ClCompile Include="src\mm2_city.cpp">
      <Filter>Source Files\mm2</Filter>
    </ClCompile>
    <ClCompile Include="src\mm2_base.cpp">
      <Filter>Source Files\mm2</Filter>
    </ClCompile>
    <ClCompile Include="src\mm2_utils.cpp">
      <Filter>Source Files\mm2</Filter>
    </ClCompile>
    <ClCompile Include="src\mm2_gfx.cpp">
      <Filter>Source Files\mm2</Filter>
    </ClCompile>
    <ClCompile Include="src\mm2_audio.cpp">
      <Filter>Source Files\mm2</Filter>
    </ClCompile>
    <ClCompile Include="src\mm2_rgl.cpp">
      <Filter>Source Files\mm2</Filter>
    </ClCompile>
    <ClCompile Include="src\mm2_creature.cpp">
      <Filter>Source Files\mm2</Filter>
    </ClCompile>
    <ClCompile Include="src\mm2_inst.cpp">
      <Filter>Source Files\mm2</Filter>
    </ClCompile>
    <ClCompile Include="src\mm2_phys.cpp">
      <Filter>Source Files\mm2</Filter>
    </ClCompile>
    <ClCompile Include="src\mm2_level.cpp">
      <Filter>Source Files\mm2</Filter>
    </ClCompile>
    <ClCompile Include="src\mm2_ui.cpp">
      <Filter>Source Files\mm2</Filter>
    </ClCompile>
    <ClCompile Include="src\handlers\bugfix_handlers.cpp">
      <Filter>Source Files\handlers</Filter>
    </ClCompile>
    <ClCompile Include="src\handlers\feature_handlers.cpp">
      <Filter>Source Files\handlers</Filter>
    </ClCompile>
    <ClCompile Include="src\mm2_breakable.cpp">
      <Filter>Source Files\mm2</Filter>
    </ClCompile>
    <ClCompile Include="src\mm2_bound.cpp">
      <Filter>Source Files\mm2</Filter>
    </ClCompile>
    <ClCompile Include="discord-rpc\discord-presence.cpp">
      <Filter>Source Files\Discord Rich Presence</Filter>
    </ClCompile>
    <ClCompile Include="src\mm2_network.cpp">
      <Filter>Source Files\mm2</Filter>
    </ClCompile>
    <ClCompile Include="src\mm2_model.cpp">
      <Filter>Source Files\mm2</Filter>
    </ClCompile>
    <ClCompile Include="src\console.cpp">
      <Filter>Source Files</Filter>
    </ClCompile>
    <ClCompile Include="src\settings.cpp">
      <Filter>Source Files</Filter>
    </ClCompile>
  </ItemGroup>
  <ItemGroup>
    <ClInclude Include="src\AGE.h">
      <Filter>Source Files\AGE</Filter>
    </ClInclude>
    <ClInclude Include="src\mm2.h">
      <Filter>Source Files\mm2</Filter>
    </ClInclude>
    <ClInclude Include="src\common.h">
      <Filter>Source Files</Filter>
    </ClInclude>
    <ClInclude Include="src\main.h">
      <Filter>Source Files</Filter>
    </ClInclude>
    <ClInclude Include="src\util.h">
      <Filter>Source Files</Filter>
    </ClInclude>
    <ClInclude Include="src\logfile.h">
      <Filter>Source Files</Filter>
    </ClInclude>
  </ItemGroup>
  <ItemGroup>
    <ClCompile Include="src\mm2.cpp">
      <Filter>Source Files\mm2</Filter>
    </ClCompile>
    <ClCompile Include="src\main.cpp">
      <Filter>Source Files</Filter>
    </ClCompile>
    <ClCompile Include="src\util.cpp">
      <Filter>Source Files</Filter>
    </ClCompile>
    <ClCompile Include="src\logfile.cpp">
      <Filter>Source Files</Filter>
    </ClCompile>
  </ItemGroup>
  <ItemGroup>
    <None Include="mm2hook.ini" />
  </ItemGroup>
</Project>